// !$*UTF8*$!
{
	archiveVersion = 1;
	classes = {
	};
	objectVersion = 46;
	objects = {

/* Begin PBXBuildFile section */
		846BB0141A078BEF0099ACCD /* main.m in Sources */ = {isa = PBXBuildFile; fileRef = 846BB0131A078BEF0099ACCD /* main.m */; };
		846BB0171A078BEF0099ACCD /* AppDelegate.m in Sources */ = {isa = PBXBuildFile; fileRef = 846BB0161A078BEF0099ACCD /* AppDelegate.m */; };
		846BB01A1A078BEF0099ACCD /* CCRContainerViewController.m in Sources */ = {isa = PBXBuildFile; fileRef = 846BB0191A078BEF0099ACCD /* CCRContainerViewController.m */; };
		846BB01D1A078BEF0099ACCD /* Main.storyboard in Resources */ = {isa = PBXBuildFile; fileRef = 846BB01B1A078BEF0099ACCD /* Main.storyboard */; };
		846BB01F1A078BEF0099ACCD /* Images.xcassets in Resources */ = {isa = PBXBuildFile; fileRef = 846BB01E1A078BEF0099ACCD /* Images.xcassets */; };
		846BB0221A078BEF0099ACCD /* LaunchScreen.xib in Resources */ = {isa = PBXBuildFile; fileRef = 846BB0201A078BEF0099ACCD /* LaunchScreen.xib */; };
		846BB02E1A078BEF0099ACCD /* DynamicViewControllerTransitionsTests.m in Sources */ = {isa = PBXBuildFile; fileRef = 846BB02D1A078BEF0099ACCD /* DynamicViewControllerTransitionsTests.m */; };
		846BB0391A078DC80099ACCD /* CCRReplaceableViewController.m in Sources */ = {isa = PBXBuildFile; fileRef = 846BB0381A078DC80099ACCD /* CCRReplaceableViewController.m */; };
/* End PBXBuildFile section */

/* Begin PBXContainerItemProxy section */
		846BB0281A078BEF0099ACCD /* PBXContainerItemProxy */ = {
			isa = PBXContainerItemProxy;
			containerPortal = 846BB0061A078BEF0099ACCD /* Project object */;
			proxyType = 1;
			remoteGlobalIDString = 846BB00D1A078BEF0099ACCD;
			remoteInfo = DynamicViewControllerTransitions;
		};
/* End PBXContainerItemProxy section */

/* Begin PBXFileReference section */
		846BB00E1A078BEF0099ACCD /* DynamicViewControllerTransitions.app */ = {isa = PBXFileReference; explicitFileType = wrapper.application; includeInIndex = 0; path = DynamicViewControllerTransitions.app; sourceTree = BUILT_PRODUCTS_DIR; };
		846BB0121A078BEF0099ACCD /* Info.plist */ = {isa = PBXFileReference; lastKnownFileType = text.plist.xml; path = Info.plist; sourceTree = "<group>"; };
		846BB0131A078BEF0099ACCD /* main.m */ = {isa = PBXFileReference; lastKnownFileType = sourcecode.c.objc; path = main.m; sourceTree = "<group>"; };
		846BB0151A078BEF0099ACCD /* AppDelegate.h */ = {isa = PBXFileReference; lastKnownFileType = sourcecode.c.h; path = AppDelegate.h; sourceTree = "<group>"; };
		846BB0161A078BEF0099ACCD /* AppDelegate.m */ = {isa = PBXFileReference; lastKnownFileType = sourcecode.c.objc; path = AppDelegate.m; sourceTree = "<group>"; };
		846BB0181A078BEF0099ACCD /* CCRContainerViewController.h */ = {isa = PBXFileReference; lastKnownFileType = sourcecode.c.h; path = CCRContainerViewController.h; sourceTree = "<group>"; };
		846BB0191A078BEF0099ACCD /* CCRContainerViewController.m */ = {isa = PBXFileReference; lastKnownFileType = sourcecode.c.objc; path = CCRContainerViewController.m; sourceTree = "<group>"; };
		846BB01C1A078BEF0099ACCD /* Base */ = {isa = PBXFileReference; lastKnownFileType = file.storyboard; name = Base; path = Base.lproj/Main.storyboard; sourceTree = "<group>"; };
		846BB01E1A078BEF0099ACCD /* Images.xcassets */ = {isa = PBXFileReference; lastKnownFileType = folder.assetcatalog; path = Images.xcassets; sourceTree = "<group>"; };
		846BB0211A078BEF0099ACCD /* Base */ = {isa = PBXFileReference; lastKnownFileType = file.xib; name = Base; path = Base.lproj/LaunchScreen.xib; sourceTree = "<group>"; };
		846BB0271A078BEF0099ACCD /* DynamicViewControllerTransitionsTests.xctest */ = {isa = PBXFileReference; explicitFileType = wrapper.cfbundle; includeInIndex = 0; path = DynamicViewControllerTransitionsTests.xctest; sourceTree = BUILT_PRODUCTS_DIR; };
		846BB02C1A078BEF0099ACCD /* Info.plist */ = {isa = PBXFileReference; lastKnownFileType = text.plist.xml; path = Info.plist; sourceTree = "<group>"; };
		846BB02D1A078BEF0099ACCD /* DynamicViewControllerTransitionsTests.m */ = {isa = PBXFileReference; lastKnownFileType = sourcecode.c.objc; path = DynamicViewControllerTransitionsTests.m; sourceTree = "<group>"; };
		846BB0371A078DC80099ACCD /* CCRReplaceableViewController.h */ = {isa = PBXFileReference; fileEncoding = 4; lastKnownFileType = sourcecode.c.h; path = CCRReplaceableViewController.h; sourceTree = "<group>"; };
		846BB0381A078DC80099ACCD /* CCRReplaceableViewController.m */ = {isa = PBXFileReference; fileEncoding = 4; lastKnownFileType = sourcecode.c.objc; path = CCRReplaceableViewController.m; sourceTree = "<group>"; };
/* End PBXFileReference section */

/* Begin PBXFrameworksBuildPhase section */
		846BB00B1A078BEF0099ACCD /* Frameworks */ = {
			isa = PBXFrameworksBuildPhase;
			buildActionMask = 2147483647;
			files = (
			);
			runOnlyForDeploymentPostprocessing = 0;
		};
		846BB0241A078BEF0099ACCD /* Frameworks */ = {
			isa = PBXFrameworksBuildPhase;
			buildActionMask = 2147483647;
			files = (
			);
			runOnlyForDeploymentPostprocessing = 0;
		};
/* End PBXFrameworksBuildPhase section */

/* Begin PBXGroup section */
		846BB0051A078BEF0099ACCD = {
			isa = PBXGroup;
			children = (
				846BB0101A078BEF0099ACCD /* DynamicViewControllerTransitions */,
				846BB02A1A078BEF0099ACCD /* DynamicViewControllerTransitionsTests */,
				846BB00F1A078BEF0099ACCD /* Products */,
			);
			sourceTree = "<group>";
		};
		846BB00F1A078BEF0099ACCD /* Products */ = {
			isa = PBXGroup;
			children = (
				846BB00E1A078BEF0099ACCD /* DynamicViewControllerTransitions.app */,
				846BB0271A078BEF0099ACCD /* DynamicViewControllerTransitionsTests.xctest */,
			);
			name = Products;
			sourceTree = "<group>";
		};
		846BB0101A078BEF0099ACCD /* DynamicViewControllerTransitions */ = {
			isa = PBXGroup;
			children = (
				846BB0151A078BEF0099ACCD /* AppDelegate.h */,
				846BB0161A078BEF0099ACCD /* AppDelegate.m */,
				846BB0181A078BEF0099ACCD /* CCRContainerViewController.h */,
				846BB0191A078BEF0099ACCD /* CCRContainerViewController.m */,
				846BB0371A078DC80099ACCD /* CCRReplaceableViewController.h */,
				846BB0381A078DC80099ACCD /* CCRReplaceableViewController.m */,
				846BB01B1A078BEF0099ACCD /* Main.storyboard */,
				846BB01E1A078BEF0099ACCD /* Images.xcassets */,
				846BB0201A078BEF0099ACCD /* LaunchScreen.xib */,
				846BB0111A078BEF0099ACCD /* Supporting Files */,
			);
			path = DynamicViewControllerTransitions;
			sourceTree = "<group>";
		};
		846BB0111A078BEF0099ACCD /* Supporting Files */ = {
			isa = PBXGroup;
			children = (
				846BB0121A078BEF0099ACCD /* Info.plist */,
				846BB0131A078BEF0099ACCD /* main.m */,
			);
			name = "Supporting Files";
			sourceTree = "<group>";
		};
		846BB02A1A078BEF0099ACCD /* DynamicViewControllerTransitionsTests */ = {
			isa = PBXGroup;
			children = (
				846BB02D1A078BEF0099ACCD /* DynamicViewControllerTransitionsTests.m */,
				846BB02B1A078BEF0099ACCD /* Supporting Files */,
			);
			path = DynamicViewControllerTransitionsTests;
			sourceTree = "<group>";
		};
		846BB02B1A078BEF0099ACCD /* Supporting Files */ = {
			isa = PBXGroup;
			children = (
				846BB02C1A078BEF0099ACCD /* Info.plist */,
			);
			name = "Supporting Files";
			sourceTree = "<group>";
		};
/* End PBXGroup section */

/* Begin PBXNativeTarget section */
		846BB00D1A078BEF0099ACCD /* DynamicViewControllerTransitions */ = {
			isa = PBXNativeTarget;
			buildConfigurationList = 846BB0311A078BEF0099ACCD /* Build configuration list for PBXNativeTarget "DynamicViewControllerTransitions" */;
			buildPhases = (
				846BB00A1A078BEF0099ACCD /* Sources */,
				846BB00B1A078BEF0099ACCD /* Frameworks */,
				846BB00C1A078BEF0099ACCD /* Resources */,
			);
			buildRules = (
			);
			dependencies = (
			);
			name = DynamicViewControllerTransitions;
			productName = DynamicViewControllerTransitions;
			productReference = 846BB00E1A078BEF0099ACCD /* DynamicViewControllerTransitions.app */;
			productType = "com.apple.product-type.application";
		};
		846BB0261A078BEF0099ACCD /* DynamicViewControllerTransitionsTests */ = {
			isa = PBXNativeTarget;
			buildConfigurationList = 846BB0341A078BEF0099ACCD /* Build configuration list for PBXNativeTarget "DynamicViewControllerTransitionsTests" */;
			buildPhases = (
				846BB0231A078BEF0099ACCD /* Sources */,
				846BB0241A078BEF0099ACCD /* Frameworks */,
				846BB0251A078BEF0099ACCD /* Resources */,
			);
			buildRules = (
			);
			dependencies = (
				846BB0291A078BEF0099ACCD /* PBXTargetDependency */,
			);
			name = DynamicViewControllerTransitionsTests;
			productName = DynamicViewControllerTransitionsTests;
			productReference = 846BB0271A078BEF0099ACCD /* DynamicViewControllerTransitionsTests.xctest */;
			productType = "com.apple.product-type.bundle.unit-test";
		};
/* End PBXNativeTarget section */

/* Begin PBXProject section */
		846BB0061A078BEF0099ACCD /* Project object */ = {
			isa = PBXProject;
			attributes = {
				LastUpgradeCheck = 0610;
				ORGANIZATIONNAME = corsarus;
				TargetAttributes = {
					846BB00D1A078BEF0099ACCD = {
						CreatedOnToolsVersion = 6.1;
					};
					846BB0261A078BEF0099ACCD = {
						CreatedOnToolsVersion = 6.1;
						TestTargetID = 846BB00D1A078BEF0099ACCD;
					};
				};
			};
			buildConfigurationList = 846BB0091A078BEF0099ACCD /* Build configuration list for PBXProject "DynamicViewControllerTransitions" */;
			compatibilityVersion = "Xcode 3.2";
			developmentRegion = English;
			hasScannedForEncodings = 0;
			knownRegions = (
				en,
				Base,
			);
			mainGroup = 846BB0051A078BEF0099ACCD;
			productRefGroup = 846BB00F1A078BEF0099ACCD /* Products */;
			projectDirPath = "";
			projectRoot = "";
			targets = (
				846BB00D1A078BEF0099ACCD /* DynamicViewControllerTransitions */,
				846BB0261A078BEF0099ACCD /* DynamicViewControllerTransitionsTests */,
			);
		};
/* End PBXProject section */

/* Begin PBXResourcesBuildPhase section */
		846BB00C1A078BEF0099ACCD /* Resources */ = {
			isa = PBXResourcesBuildPhase;
			buildActionMask = 2147483647;
			files = (
				846BB01D1A078BEF0099ACCD /* Main.storyboard in Resources */,
				846BB0221A078BEF0099ACCD /* LaunchScreen.xib in Resources */,
				846BB01F1A078BEF0099ACCD /* Images.xcassets in Resources */,
			);
			runOnlyForDeploymentPostprocessing = 0;
		};
		846BB0251A078BEF0099ACCD /* Resources */ = {
			isa = PBXResourcesBuildPhase;
			buildActionMask = 2147483647;
			files = (
			);
			runOnlyForDeploymentPostprocessing = 0;
		};
/* End PBXResourcesBuildPhase section */

/* Begin PBXSourcesBuildPhase section */
		846BB00A1A078BEF0099ACCD /* Sources */ = {
			isa = PBXSourcesBuildPhase;
			buildActionMask = 2147483647;
			files = (
				846BB01A1A078BEF0099ACCD /* CCRContainerViewController.m in Sources */,
				846BB0171A078BEF0099ACCD /* AppDelegate.m in Sources */,
				846BB0391A078DC80099ACCD /* CCRReplaceableViewController.m in Sources */,
				846BB0141A078BEF0099ACCD /* main.m in Sources */,
			);
			runOnlyForDeploymentPostprocessing = 0;
		};
		846BB0231A078BEF0099ACCD /* Sources */ = {
			isa = PBXSourcesBuildPhase;
			buildActionMask = 2147483647;
			files = (
				846BB02E1A078BEF0099ACCD /* DynamicViewControllerTransitionsTests.m in Sources */,
			);
			runOnlyForDeploymentPostprocessing = 0;
		};
/* End PBXSourcesBuildPhase section */

/* Begin PBXTargetDependency section */
		846BB0291A078BEF0099ACCD /* PBXTargetDependency */ = {
			isa = PBXTargetDependency;
			target = 846BB00D1A078BEF0099ACCD /* DynamicViewControllerTransitions */;
			targetProxy = 846BB0281A078BEF0099ACCD /* PBXContainerItemProxy */;
		};
/* End PBXTargetDependency section */

/* Begin PBXVariantGroup section */
		846BB01B1A078BEF0099ACCD /* Main.storyboard */ = {
			isa = PBXVariantGroup;
			children = (
				846BB01C1A078BEF0099ACCD /* Base */,
			);
			name = Main.storyboard;
			sourceTree = "<group>";
		};
		846BB0201A078BEF0099ACCD /* LaunchScreen.xib */ = {
			isa = PBXVariantGroup;
			children = (
				846BB0211A078BEF0099ACCD /* Base */,
			);
			name = LaunchScreen.xib;
			sourceTree = "<group>";
		};
/* End PBXVariantGroup section */

/* Begin XCBuildConfiguration section */
		846BB02F1A078BEF0099ACCD /* Debug */ = {
			isa = XCBuildConfiguration;
			buildSettings = {
				ALWAYS_SEARCH_USER_PATHS = NO;
				CLANG_CXX_LANGUAGE_STANDARD = "gnu++0x";
				CLANG_CXX_LIBRARY = "libc++";
				CLANG_ENABLE_MODULES = YES;
				CLANG_ENABLE_OBJC_ARC = YES;
				CLANG_WARN_BOOL_CONVERSION = YES;
				CLANG_WARN_CONSTANT_CONVERSION = YES;
				CLANG_WARN_DIRECT_OBJC_ISA_USAGE = YES_ERROR;
				CLANG_WARN_EMPTY_BODY = YES;
				CLANG_WARN_ENUM_CONVERSION = YES;
				CLANG_WARN_INT_CONVERSION = YES;
				CLANG_WARN_OBJC_ROOT_CLASS = YES_ERROR;
				CLANG_WARN_UNREACHABLE_CODE = YES;
				CLANG_WARN__DUPLICATE_METHOD_MATCH = YES;
				"CODE_SIGN_IDENTITY[sdk=iphoneos*]" = "iPhone Developer";
				COPY_PHASE_STRIP = NO;
				ENABLE_STRICT_OBJC_MSGSEND = YES;
				GCC_C_LANGUAGE_STANDARD = gnu99;
				GCC_DYNAMIC_NO_PIC = NO;
				GCC_OPTIMIZATION_LEVEL = 0;
				GCC_PREPROCESSOR_DEFINITIONS = (
					"DEBUG=1",
					"$(inherited)",
				);
				GCC_SYMBOLS_PRIVATE_EXTERN = NO;
				GCC_WARN_64_TO_32_BIT_CONVERSION = YES;
				GCC_WARN_ABOUT_RETURN_TYPE = YES_ERROR;
				GCC_WARN_UNDECLARED_SELECTOR = YES;
				GCC_WARN_UNINITIALIZED_AUTOS = YES_AGGRESSIVE;
				GCC_WARN_UNUSED_FUNCTION = YES;
				GCC_WARN_UNUSED_VARIABLE = YES;
				IPHONEOS_DEPLOYMENT_TARGET = 8.1;
				MTL_ENABLE_DEBUG_INFO = YES;
				ONLY_ACTIVE_ARCH = YES;
				SDKROOT = iphoneos;
			};
			name = Debug;
		};
		846BB0301A078BEF0099ACCD /* Release */ = {
			isa = XCBuildConfiguration;
			buildSettings = {
				ALWAYS_SEARCH_USER_PATHS = NO;
				CLANG_CXX_LANGUAGE_STANDARD = "gnu++0x";
				CLANG_CXX_LIBRARY = "libc++";
				CLANG_ENABLE_MODULES = YES;
				CLANG_ENABLE_OBJC_ARC = YES;
				CLANG_WARN_BOOL_CONVERSION = YES;
				CLANG_WARN_CONSTANT_CONVERSION = YES;
				CLANG_WARN_DIRECT_OBJC_ISA_USAGE = YES_ERROR;
				CLANG_WARN_EMPTY_BODY = YES;
				CLANG_WARN_ENUM_CONVERSION = YES;
				CLANG_WARN_INT_CONVERSION = YES;
				CLANG_WARN_OBJC_ROOT_CLASS = YES_ERROR;
				CLANG_WARN_UNREACHABLE_CODE = YES;
				CLANG_WARN__DUPLICATE_METHOD_MATCH = YES;
				"CODE_SIGN_IDENTITY[sdk=iphoneos*]" = "iPhone Developer";
				COPY_PHASE_STRIP = YES;
				ENABLE_NS_ASSERTIONS = NO;
				ENABLE_STRICT_OBJC_MSGSEND = YES;
				GCC_C_LANGUAGE_STANDARD = gnu99;
				GCC_WARN_64_TO_32_BIT_CONVERSION = YES;
				GCC_WARN_ABOUT_RETURN_TYPE = YES_ERROR;
				GCC_WARN_UNDECLARED_SELECTOR = YES;
				GCC_WARN_UNINITIALIZED_AUTOS = YES_AGGRESSIVE;
				GCC_WARN_UNUSED_FUNCTION = YES;
				GCC_WARN_UNUSED_VARIABLE = YES;
				IPHONEOS_DEPLOYMENT_TARGET = 8.1;
				MTL_ENABLE_DEBUG_INFO = NO;
				SDKROOT = iphoneos;
				VALIDATE_PRODUCT = YES;
			};
			name = Release;
		};
		846BB0321A078BEF0099ACCD /* Debug */ = {
			isa = XCBuildConfiguration;
			buildSettings = {
				ASSETCATALOG_COMPILER_APPICON_NAME = AppIcon;
				INFOPLIST_FILE = DynamicViewControllerTransitions/Info.plist;
				LD_RUNPATH_SEARCH_PATHS = "$(inherited) @executable_path/Frameworks";
				PRODUCT_NAME = "$(TARGET_NAME)";
			};
			name = Debug;
		};
		846BB0331A078BEF0099ACCD /* Release */ = {
			isa = XCBuildConfiguration;
			buildSettings = {
				ASSETCATALOG_COMPILER_APPICON_NAME = AppIcon;
				INFOPLIST_FILE = DynamicViewControllerTransitions/Info.plist;
				LD_RUNPATH_SEARCH_PATHS = "$(inherited) @executable_path/Frameworks";
				PRODUCT_NAME = "$(TARGET_NAME)";
			};
			name = Release;
		};
		846BB0351A078BEF0099ACCD /* Debug */ = {
			isa = XCBuildConfiguration;
			buildSettings = {
				BUNDLE_LOADER = "$(TEST_HOST)";
				FRAMEWORK_SEARCH_PATHS = (
					"$(SDKROOT)/Developer/Library/Frameworks",
					"$(inherited)",
				);
				GCC_PREPROCESSOR_DEFINITIONS = (
					"DEBUG=1",
					"$(inherited)",
				);
				INFOPLIST_FILE = DynamicViewControllerTransitionsTests/Info.plist;
				LD_RUNPATH_SEARCH_PATHS = "$(inherited) @executable_path/Frameworks @loader_path/Frameworks";
				PRODUCT_NAME = "$(TARGET_NAME)";
				TEST_HOST = "$(BUILT_PRODUCTS_DIR)/DynamicViewControllerTransitions.app/DynamicViewControllerTransitions";
			};
			name = Debug;
		};
		846BB0361A078BEF0099ACCD /* Release */ = {
			isa = XCBuildConfiguration;
			buildSettings = {
				BUNDLE_LOADER = "$(TEST_HOST)";
				FRAMEWORK_SEARCH_PATHS = (
					"$(SDKROOT)/Developer/Library/Frameworks",
					"$(inherited)",
				);
				INFOPLIST_FILE = DynamicViewControllerTransitionsTests/Info.plist;
				LD_RUNPATH_SEARCH_PATHS = "$(inherited) @executable_path/Frameworks @loader_path/Frameworks";
				PRODUCT_NAME = "$(TARGET_NAME)";
				TEST_HOST = "$(BUILT_PRODUCTS_DIR)/DynamicViewControllerTransitions.app/DynamicViewControllerTransitions";
			};
			name = Release;
		};
/* End XCBuildConfiguration section */

/* Begin XCConfigurationList section */
		846BB0091A078BEF0099ACCD /* Build configuration list for PBXProject "DynamicViewControllerTransitions" */ = {
			isa = XCConfigurationList;
			buildConfigurations = (
				846BB02F1A078BEF0099ACCD /* Debug */,
				846BB0301A078BEF0099ACCD /* Release */,
			);
			defaultConfigurationIsVisible = 0;
			defaultConfigurationName = Release;
		};
		846BB0311A078BEF0099ACCD /* Build configuration list for PBXNativeTarget "DynamicViewControllerTransitions" */ = {
			isa = XCConfigurationList;
			buildConfigurations = (
				846BB0321A078BEF0099ACCD /* Debug */,
				846BB0331A078BEF0099ACCD /* Release */,
			);
			defaultConfigurationIsVisible = 0;
			defaultConfigurationName = Release;
		};
		846BB0341A078BEF0099ACCD /* Build configuration list for PBXNativeTarget "DynamicViewControllerTransitionsTests" */ = {
			isa = XCConfigurationList;
			buildConfigurations = (
				846BB0351A078BEF0099ACCD /* Debug */,
				846BB0361A078BEF0099ACCD /* Release */,
			);
			defaultConfigurationIsVisible = 0;
			defaultConfigurationName = Release;
		};
/* End XCConfigurationList section */
	};
	rootObject = 846BB0061A078BEF0099ACCD /* Project object */;
}
